{
    "_readme": [
        "This file locks the dependencies of your project to a known state",
        "Read more about it at https://getcomposer.org/doc/01-basic-usage.md#installing-dependencies",
        "This file is @generated automatically"
    ],
    "content-hash": "fd974a15f4ff208d8d8688fd613362fd",
    "packages": [
        {
            "name": "imsglobal/caliper",
            "version": "dev-develop-v1p2",
            "source": {
                "type": "git",
                "url": "https://github.com/andrew-gardener/caliper-php",
                "reference": "fa595784e7ed1015cad2341ac6e5e1819e2cd443"
            },
            "require": {
                "php": ">=5.4.0"
            },
            "require-dev": {
                "phpunit/phpunit": "5.7.*"
            },
            "type": "library",
            "autoload": {
                "psr-4": {
                    "IMSGlobal\\Caliper\\": "src/"
                },
                "exclude-from-classmap": [
                    "/tests/"
                ]
            },
            "license": [
                "LGPL-3.0"
            ],
            "authors": [
                {
                    "name": "Lance E Sloan",
                    "email": "lsloan-caliper-composer@umich.edu"
                }
            ],
            "description": "Caliper PHP Library",
            "homepage": "https://www.imsglobal.org/caliper",
            "keywords": [
                "caliper"
            ],
            "time": "2019-10-31T22:00:14+00:00"
        }
    ],
    "packages-dev": [],
    "aliases": [
        {
            "alias": "1.2.0",
            "alias_normalized": "1.2.0.0",
            "version": "dev-develop-v1p2",
            "package": "imsglobal/caliper"
        }
    ],
    "minimum-stability": "stable",
    "stability-flags": {
        "imsglobal/caliper": 20
    },
    "prefer-stable": false,
    "prefer-lowest": false,
    "platform": [],
    "platform-dev": []
}
